
Microsoft Visual Studio Solution File, Format Version 12.00
# Visual Studio Version 17
VisualStudioVersion = 17.9.34607.119
MinimumVisualStudioVersion = 10.0.40219.1
Project("{FAE04EC0-301F-11D3-BF4B-00C04F79EFBC}") = "TPMODUL04_1302220093", "TPMODUL04_1302220093\TPMODUL04_1302220093.csproj", "{664B91CA-27C8-4F01-A44F-0F79BBFAE306}"
EndProject
Global
	GlobalSection(SolutionConfigurationPlatforms) = preSolution
		Debug|Any CPU = Debug|Any CPU
		Release|Any CPU = Release|Any CPU
	EndGlobalSection
	GlobalSection(ProjectConfigurationPlatforms) = postSolution
		{664B91CA-27C8-4F01-A44F-0F79BBFAE306}.Debug|Any CPU.ActiveCfg = Debug|Any CPU
		{664B91CA-27C8-4F01-A44F-0F79BBFAE306}.Debug|Any CPU.Build.0 = Debug|Any CPU
		{664B91CA-27C8-4F01-A44F-0F79BBFAE306}.Release|Any CPU.ActiveCfg = Release|Any CPU
		{664B91CA-27C8-4F01-A44F-0F79BBFAE306}.Release|Any CPU.Build.0 = Release|Any CPU
	EndGlobalSection
	GlobalSection(SolutionProperties) = preSolution
		HideSolutionNode = FALSE
	EndGlobalSection
	GlobalSection(ExtensibilityGlobals) = postSolution
		SolutionGuid = {5DD184C8-8E6F-48EE-BE98-9DED0B5B34AD}
	EndGlobalSection
EndGlobal
